{
  "name": "translaas-nodejs-example",
  "version": "1.0.0",
  "lockfileVersion": 3,
  "requires": true,
  "packages": {
    "": {
      "name": "translaas-nodejs-example",
      "version": "1.0.0",
      "dependencies": {
        "@translaas/caching-file": "*",
        "@translaas/core": "*",
        "dotenv": "^16.4.5"
      },
      "engines": {
        "node": ">=20.19.0"
      }
    },
    "node_modules/@translaas/caching": {
      "version": "0.2.0",
      "resolved": "https://registry.npmjs.org/@translaas/caching/-/caching-0.2.0.tgz",
      "integrity": "sha512-RQsxqp1Gi9WhwPdUqvFur02eZGAJHEoKjNpTrmqQSBUlStm3iWtREyAop+ITkUDhBO/JAoEFQzTFq0pQHJ7NPQ==",
      "license": "MIT",
      "dependencies": {
        "@translaas/models": "*"
      }
    },
    "node_modules/@translaas/caching-file": {
      "version": "0.2.0",
      "resolved": "https://registry.npmjs.org/@translaas/caching-file/-/caching-file-0.2.0.tgz",
      "integrity": "sha512-cSjHSG9QvYIsKfzUQBtk+2zEJzggygIZhyJyD/C5yzJNewzA9FYB4FBjAV9y4BtMv77Mmm5dHw1NUCyqvdxZFQ==",
      "license": "MIT",
      "dependencies": {
        "@translaas/caching": "*",
        "@translaas/client": "*",
        "@translaas/models": "*"
      }
    },
    "node_modules/@translaas/client": {
      "version": "0.2.0",
      "resolved": "https://registry.npmjs.org/@translaas/client/-/client-0.2.0.tgz",
      "integrity": "sha512-YJ2eaag9FqMsP7dP2sMRakXewu6lwS1dXD63+7s0jYbKSWEGg/JRuDt7QFWxZdvLXYzFYP0YMkjjw/uj20TPnA==",
      "license": "MIT",
      "dependencies": {
        "@translaas/extensions": "*",
        "@translaas/models": "*"
      }
    },
    "node_modules/@translaas/core": {
      "version": "0.2.0",
      "resolved": "https://registry.npmjs.org/@translaas/core/-/core-0.2.0.tgz",
      "integrity": "sha512-t8MFWpnJICeJT3cbWACZfhVdrSIUjuNF/gO20bI4TT/X2iz+m5v69gGGNQRJKlYLV4did4MBj6wZATNWsrPjiA==",
      "license": "MIT",
      "dependencies": {
        "@translaas/caching": "*",
        "@translaas/caching-file": "*",
        "@translaas/client": "*",
        "@translaas/extensions": "*",
        "@translaas/models": "*"
      }
    },
    "node_modules/@translaas/extensions": {
      "version": "0.2.0",
      "resolved": "https://registry.npmjs.org/@translaas/extensions/-/extensions-0.2.0.tgz",
      "integrity": "sha512-q/NjG4Cuf8zrkWQUDKQo7fdU3oTSeN+3i0p09tbV0NMcnPn1jj1g/xaqfk5EIqqgA/HdBn+5cOVeeWQ1heAsLQ==",
      "license": "MIT",
      "dependencies": {
        "@translaas/client": "*",
        "@translaas/models": "*"
      }
    },
    "node_modules/@translaas/models": {
      "version": "0.2.0",
      "resolved": "https://registry.npmjs.org/@translaas/models/-/models-0.2.0.tgz",
      "integrity": "sha512-p/88p98Y2v6dL0q+cUb8vWnlmOawjnKqzMP8O6pJV+l1hwkUpUo7ZdhtetaQy/IVrOwkQJ3l0OPYNmGtp0oXgA==",
      "license": "MIT"
    },
    "node_modules/dotenv": {
      "version": "16.6.1",
      "resolved": "https://registry.npmjs.org/dotenv/-/dotenv-16.6.1.tgz",
      "integrity": "sha512-uBq4egWHTcTt33a72vpSG0z3HnPuIl6NqYcTrKEg2azoEyl2hpW0zqlxysq2pK9HlDIHyHyakeYaYnSAwd8bow==",
      "license": "BSD-2-Clause",
      "engines": {
        "node": ">=12"
      },
      "funding": {
        "url": "https://dotenvx.com"
      }
    }
  }
}
